
Microsoft Visual Studio Solution File, Format Version 12.00
# Visual Studio Version 17
VisualStudioVersion = 17.14.36221.1
MinimumVisualStudioVersion = 10.0.40219.1
Project("{FAE04EC0-301F-11D3-BF4B-00C04F79EFBC}") = "WpfApp1", "WpfApp1\WpfApp1.csproj", "{3FE8EC64-AB76-48A0-9961-B155F7F70102}"
EndProject
Global
	GlobalSection(SolutionConfigurationPlatforms) = preSolution
		Debug|Any CPU = Debug|Any CPU
		Release|Any CPU = Release|Any CPU
	EndGlobalSection
	GlobalSection(ProjectConfigurationPlatforms) = postSolution
		{3FE8EC64-AB76-48A0-9961-B155F7F70102}.Debug|Any CPU.ActiveCfg = Debug|Any CPU
		{3FE8EC64-AB76-48A0-9961-B155F7F70102}.Debug|Any CPU.Build.0 = Debug|Any CPU
		{3FE8EC64-AB76-48A0-9961-B155F7F70102}.Release|Any CPU.ActiveCfg = Release|Any CPU
		{3FE8EC64-AB76-48A0-9961-B155F7F70102}.Release|Any CPU.Build.0 = Release|Any CPU
	EndGlobalSection
	GlobalSection(SolutionProperties) = preSolution
		HideSolutionNode = FALSE
	EndGlobalSection
	GlobalSection(ExtensibilityGlobals) = postSolution
		SolutionGuid = {7EBD0956-5143-4F65-AB84-10059A38F284}
	EndGlobalSection
EndGlobal
